
Microsoft Visual Studio Solution File, Format Version 12.00
# Visual Studio Version 17
VisualStudioVersion = 17.11.35312.102
MinimumVisualStudioVersion = 10.0.40219.1
Project("{FAE04EC0-301F-11D3-BF4B-00C04F79EFBC}") = "lab05.GUI", "lab05.GUI\lab05.GUI.csproj", "{A180F0DF-5EDD-4934-BB04-0F895B30FE6E}"
EndProject
Project("{FAE04EC0-301F-11D3-BF4B-00C04F79EFBC}") = "Lab05.BUS", "Lab05.BUS\Lab05.BUS.csproj", "{CEF417BD-CDDF-456A-A4D0-7F2303422A24}"
EndProject
Project("{FAE04EC0-301F-11D3-BF4B-00C04F79EFBC}") = "Lab05.DAL", "Lab05.DAL\Lab05.DAL.csproj", "{4FDACC1E-7D20-480A-B3FD-460586560FBC}"
EndProject
Global
	GlobalSection(SolutionConfigurationPlatforms) = preSolution
		Debug|Any CPU = Debug|Any CPU
		Release|Any CPU = Release|Any CPU
	EndGlobalSection
	GlobalSection(ProjectConfigurationPlatforms) = postSolution
		{A180F0DF-5EDD-4934-BB04-0F895B30FE6E}.Debug|Any CPU.ActiveCfg = Debug|Any CPU
		{A180F0DF-5EDD-4934-BB04-0F895B30FE6E}.Debug|Any CPU.Build.0 = Debug|Any CPU
		{A180F0DF-5EDD-4934-BB04-0F895B30FE6E}.Release|Any CPU.ActiveCfg = Release|Any CPU
		{A180F0DF-5EDD-4934-BB04-0F895B30FE6E}.Release|Any CPU.Build.0 = Release|Any CPU
		{CEF417BD-CDDF-456A-A4D0-7F2303422A24}.Debug|Any CPU.ActiveCfg = Debug|Any CPU
		{CEF417BD-CDDF-456A-A4D0-7F2303422A24}.Debug|Any CPU.Build.0 = Debug|Any CPU
		{CEF417BD-CDDF-456A-A4D0-7F2303422A24}.Release|Any CPU.ActiveCfg = Release|Any CPU
		{CEF417BD-CDDF-456A-A4D0-7F2303422A24}.Release|Any CPU.Build.0 = Release|Any CPU
		{4FDACC1E-7D20-480A-B3FD-460586560FBC}.Debug|Any CPU.ActiveCfg = Debug|Any CPU
		{4FDACC1E-7D20-480A-B3FD-460586560FBC}.Debug|Any CPU.Build.0 = Debug|Any CPU
		{4FDACC1E-7D20-480A-B3FD-460586560FBC}.Release|Any CPU.ActiveCfg = Release|Any CPU
		{4FDACC1E-7D20-480A-B3FD-460586560FBC}.Release|Any CPU.Build.0 = Release|Any CPU
	EndGlobalSection
	GlobalSection(SolutionProperties) = preSolution
		HideSolutionNode = FALSE
	EndGlobalSection
	GlobalSection(ExtensibilityGlobals) = postSolution
		SolutionGuid = {1AEF9579-5FE6-4EF0-B317-C0D88F9332C1}
	EndGlobalSection
EndGlobal
